// !$*UTF8*$!
{
	archiveVersion = 1;
	classes = {
	};
	objectVersion = 46;
	objects = {

/* Begin PBXBuildFile section */
		1B053A891C5B294E00DD9CDE /* AppDelegate.swift in Sources */ = {isa = PBXBuildFile; fileRef = 1B053A881C5B294E00DD9CDE /* AppDelegate.swift */; };
		1B053A8B1C5B294E00DD9CDE /* ViewController.swift in Sources */ = {isa = PBXBuildFile; fileRef = 1B053A8A1C5B294E00DD9CDE /* ViewController.swift */; };
		1B053A8E1C5B294E00DD9CDE /* Main.storyboard in Resources */ = {isa = PBXBuildFile; fileRef = 1B053A8C1C5B294E00DD9CDE /* Main.storyboard */; };
		1B053A901C5B294E00DD9CDE /* Assets.xcassets in Resources */ = {isa = PBXBuildFile; fileRef = 1B053A8F1C5B294E00DD9CDE /* Assets.xcassets */; };
		1B053A931C5B294E00DD9CDE /* LaunchScreen.storyboard in Resources */ = {isa = PBXBuildFile; fileRef = 1B053A911C5B294E00DD9CDE /* LaunchScreen.storyboard */; };
		1BC2C8DD1C5D54CC00470612 /* coffeemug1.mp3 in Resources */ = {isa = PBXBuildFile; fileRef = 1BC2C8D51C5D54CC00470612 /* coffeemug1.mp3 */; };
		1BC2C8DF1C5D54CC00470612 /* coffeemug2.mp3 in Resources */ = {isa = PBXBuildFile; fileRef = 1BC2C8D71C5D54CC00470612 /* coffeemug2.mp3 */; };
		1BC2C8E01C5D54CC00470612 /* coffeetable.mp3 in Resources */ = {isa = PBXBuildFile; fileRef = 1BC2C8D81C5D54CC00470612 /* coffeetable.mp3 */; };
		1BC2C8E11C5D54CC00470612 /* instantcoffee1.mp3 in Resources */ = {isa = PBXBuildFile; fileRef = 1BC2C8D91C5D54CC00470612 /* instantcoffee1.mp3 */; };
		1BC2C8E21C5D54CC00470612 /* instantcoffee2.mp3 in Resources */ = {isa = PBXBuildFile; fileRef = 1BC2C8DA1C5D54CC00470612 /* instantcoffee2.mp3 */; };
		1BC2C8E31C5D54CC00470612 /* pouringcoffee.mp3 in Resources */ = {isa = PBXBuildFile; fileRef = 1BC2C8DB1C5D54CC00470612 /* pouringcoffee.mp3 */; };
		1BC2C8E41C5D54CC00470612 /* teaspoon.mp3 in Resources */ = {isa = PBXBuildFile; fileRef = 1BC2C8DC1C5D54CC00470612 /* teaspoon.mp3 */; };
/* End PBXBuildFile section */

/* Begin PBXFileReference section */
		1B053A851C5B294E00DD9CDE /* swipes-and-shakes.app */ = {isa = PBXFileReference; explicitFileType = wrapper.application; includeInIndex = 0; path = "swipes-and-shakes.app"; sourceTree = BUILT_PRODUCTS_DIR; };
		1B053A881C5B294E00DD9CDE /* AppDelegate.swift */ = {isa = PBXFileReference; lastKnownFileType = sourcecode.swift; path = AppDelegate.swift; sourceTree = "<group>"; };
		1B053A8A1C5B294E00DD9CDE /* ViewController.swift */ = {isa = PBXFileReference; lastKnownFileType = sourcecode.swift; path = ViewController.swift; sourceTree = "<group>"; };
		1B053A8D1C5B294E00DD9CDE /* Base */ = {isa = PBXFileReference; lastKnownFileType = file.storyboard; name = Base; path = Base.lproj/Main.storyboard; sourceTree = "<group>"; };
		1B053A8F1C5B294E00DD9CDE /* Assets.xcassets */ = {isa = PBXFileReference; lastKnownFileType = folder.assetcatalog; path = Assets.xcassets; sourceTree = "<group>"; };
		1B053A921C5B294E00DD9CDE /* Base */ = {isa = PBXFileReference; lastKnownFileType = file.storyboard; name = Base; path = Base.lproj/LaunchScreen.storyboard; sourceTree = "<group>"; };
		1B053A941C5B294E00DD9CDE /* Info.plist */ = {isa = PBXFileReference; lastKnownFileType = text.plist.xml; path = Info.plist; sourceTree = "<group>"; };
		1BC2C8D51C5D54CC00470612 /* coffeemug1.mp3 */ = {isa = PBXFileReference; lastKnownFileType = audio.mp3; path = coffeemug1.mp3; sourceTree = "<group>"; };
		1BC2C8D71C5D54CC00470612 /* coffeemug2.mp3 */ = {isa = PBXFileReference; lastKnownFileType = audio.mp3; path = coffeemug2.mp3; sourceTree = "<group>"; };
		1BC2C8D81C5D54CC00470612 /* coffeetable.mp3 */ = {isa = PBXFileReference; lastKnownFileType = audio.mp3; path = coffeetable.mp3; sourceTree = "<group>"; };
		1BC2C8D91C5D54CC00470612 /* instantcoffee1.mp3 */ = {isa = PBXFileReference; lastKnownFileType = audio.mp3; path = instantcoffee1.mp3; sourceTree = "<group>"; };
		1BC2C8DA1C5D54CC00470612 /* instantcoffee2.mp3 */ = {isa = PBXFileReference; lastKnownFileType = audio.mp3; path = instantcoffee2.mp3; sourceTree = "<group>"; };
		1BC2C8DB1C5D54CC00470612 /* pouringcoffee.mp3 */ = {isa = PBXFileReference; lastKnownFileType = audio.mp3; path = pouringcoffee.mp3; sourceTree = "<group>"; };
		1BC2C8DC1C5D54CC00470612 /* teaspoon.mp3 */ = {isa = PBXFileReference; lastKnownFileType = audio.mp3; path = teaspoon.mp3; sourceTree = "<group>"; };
/* End PBXFileReference section */

/* Begin PBXFrameworksBuildPhase section */
		1B053A821C5B294E00DD9CDE /* Frameworks */ = {
			isa = PBXFrameworksBuildPhase;
			buildActionMask = 2147483647;
			files = (
			);
			runOnlyForDeploymentPostprocessing = 0;
		};
/* End PBXFrameworksBuildPhase section */

/* Begin PBXGroup section */
		1B053A7C1C5B294E00DD9CDE = {
			isa = PBXGroup;
			children = (
				1B053A871C5B294E00DD9CDE /* swipes-and-shakes */,
				1B053A861C5B294E00DD9CDE /* Products */,
			);
			sourceTree = "<group>";
		};
		1B053A861C5B294E00DD9CDE /* Products */ = {
			isa = PBXGroup;
			children = (
				1B053A851C5B294E00DD9CDE /* swipes-and-shakes.app */,
			);
			name = Products;
			sourceTree = "<group>";
		};
		1B053A871C5B294E00DD9CDE /* swipes-and-shakes */ = {
			isa = PBXGroup;
			children = (
				1B053A881C5B294E00DD9CDE /* AppDelegate.swift */,
				1B053A8A1C5B294E00DD9CDE /* ViewController.swift */,
				1B053A8C1C5B294E00DD9CDE /* Main.storyboard */,
				1BC2C8D41C5D545D00470612 /* sounds */,
				1B053A8F1C5B294E00DD9CDE /* Assets.xcassets */,
				1B053A911C5B294E00DD9CDE /* LaunchScreen.storyboard */,
				1B053A941C5B294E00DD9CDE /* Info.plist */,
			);
			path = "swipes-and-shakes";
			sourceTree = "<group>";
		};
		1BC2C8D41C5D545D00470612 /* sounds */ = {
			isa = PBXGroup;
			children = (
				1BC2C8D51C5D54CC00470612 /* coffeemug1.mp3 */,
				1BC2C8D71C5D54CC00470612 /* coffeemug2.mp3 */,
				1BC2C8D81C5D54CC00470612 /* coffeetable.mp3 */,
				1BC2C8D91C5D54CC00470612 /* instantcoffee1.mp3 */,
				1BC2C8DA1C5D54CC00470612 /* instantcoffee2.mp3 */,
				1BC2C8DB1C5D54CC00470612 /* pouringcoffee.mp3 */,
				1BC2C8DC1C5D54CC00470612 /* teaspoon.mp3 */,
			);
			name = sounds;
			sourceTree = "<group>";
		};
/* End PBXGroup section */

/* Begin PBXNativeTarget section */
		1B053A841C5B294E00DD9CDE /* swipes-and-shakes */ = {
			isa = PBXNativeTarget;
			buildConfigurationList = 1B053A971C5B294E00DD9CDE /* Build configuration list for PBXNativeTarget "swipes-and-shakes" */;
			buildPhases = (
				1B053A811C5B294E00DD9CDE /* Sources */,
				1B053A821C5B294E00DD9CDE /* Frameworks */,
				1B053A831C5B294E00DD9CDE /* Resources */,
			);
			buildRules = (
			);
			dependencies = (
			);
			name = "swipes-and-shakes";
			productName = "swipes-and-shakes";
			productReference = 1B053A851C5B294E00DD9CDE /* swipes-and-shakes.app */;
			productType = "com.apple.product-type.application";
		};
/* End PBXNativeTarget section */

/* Begin PBXProject section */
		1B053A7D1C5B294E00DD9CDE /* Project object */ = {
			isa = PBXProject;
			attributes = {
				LastSwiftUpdateCheck = 0720;
				LastUpgradeCheck = 0720;
				ORGANIZATIONNAME = "redeye-dev";
				TargetAttributes = {
					1B053A841C5B294E00DD9CDE = {
						CreatedOnToolsVersion = 7.2;
					};
				};
			};
			buildConfigurationList = 1B053A801C5B294E00DD9CDE /* Build configuration list for PBXProject "swipes-and-shakes" */;
			compatibilityVersion = "Xcode 3.2";
			developmentRegion = English;
			hasScannedForEncodings = 0;
			knownRegions = (
				en,
				Base,
			);
			mainGroup = 1B053A7C1C5B294E00DD9CDE;
			productRefGroup = 1B053A861C5B294E00DD9CDE /* Products */;
			projectDirPath = "";
			projectRoot = "";
			targets = (
				1B053A841C5B294E00DD9CDE /* swipes-and-shakes */,
			);
		};
/* End PBXProject section */

/* Begin PBXResourcesBuildPhase section */
		1B053A831C5B294E00DD9CDE /* Resources */ = {
			isa = PBXResourcesBuildPhase;
			buildActionMask = 2147483647;
			files = (
				1B053A931C5B294E00DD9CDE /* LaunchScreen.storyboard in Resources */,
				1BC2C8E01C5D54CC00470612 /* coffeetable.mp3 in Resources */,
				1BC2C8E11C5D54CC00470612 /* instantcoffee1.mp3 in Resources */,
				1BC2C8E21C5D54CC00470612 /* instantcoffee2.mp3 in Resources */,
				1BC2C8E41C5D54CC00470612 /* teaspoon.mp3 in Resources */,
				1B053A901C5B294E00DD9CDE /* Assets.xcassets in Resources */,
				1BC2C8E31C5D54CC00470612 /* pouringcoffee.mp3 in Resources */,
				1BC2C8DD1C5D54CC00470612 /* coffeemug1.mp3 in Resources */,
				1BC2C8DF1C5D54CC00470612 /* coffeemug2.mp3 in Resources */,
				1B053A8E1C5B294E00DD9CDE /* Main.storyboard in Resources */,
			);
			runOnlyForDeploymentPostprocessing = 0;
		};
/* End PBXResourcesBuildPhase section */

/* Begin PBXSourcesBuildPhase section */
		1B053A811C5B294E00DD9CDE /* Sources */ = {
			isa = PBXSourcesBuildPhase;
			buildActionMask = 2147483647;
			files = (
				1B053A8B1C5B294E00DD9CDE /* ViewController.swift in Sources */,
				1B053A891C5B294E00DD9CDE /* AppDelegate.swift in Sources */,
			);
			runOnlyForDeploymentPostprocessing = 0;
		};
/* End PBXSourcesBuildPhase section */

/* Begin PBXVariantGroup section */
		1B053A8C1C5B294E00DD9CDE /* Main.storyboard */ = {
			isa = PBXVariantGroup;
			children = (
				1B053A8D1C5B294E00DD9CDE /* Base */,
			);
			name = Main.storyboard;
			sourceTree = "<group>";
		};
		1B053A911C5B294E00DD9CDE /* LaunchScreen.storyboard */ = {
			isa = PBXVariantGroup;
			children = (
				1B053A921C5B294E00DD9CDE /* Base */,
			);
			name = LaunchScreen.storyboard;
			sourceTree = "<group>";
		};
/* End PBXVariantGroup section */

/* Begin XCBuildConfiguration section */
		1B053A951C5B294E00DD9CDE /* Debug */ = {
			isa = XCBuildConfiguration;
			buildSettings = {
				ALWAYS_SEARCH_USER_PATHS = NO;
				CLANG_CXX_LANGUAGE_STANDARD = "gnu++0x";
				CLANG_CXX_LIBRARY = "libc++";
				CLANG_ENABLE_MODULES = YES;
				CLANG_ENABLE_OBJC_ARC = YES;
				CLANG_WARN_BOOL_CONVERSION = YES;
				CLANG_WARN_CONSTANT_CONVERSION = YES;
				CLANG_WARN_DIRECT_OBJC_ISA_USAGE = YES_ERROR;
				CLANG_WARN_EMPTY_BODY = YES;
				CLANG_WARN_ENUM_CONVERSION = YES;
				CLANG_WARN_INT_CONVERSION = YES;
				CLANG_WARN_OBJC_ROOT_CLASS = YES_ERROR;
				CLANG_WARN_UNREACHABLE_CODE = YES;
				CLANG_WARN__DUPLICATE_METHOD_MATCH = YES;
				"CODE_SIGN_IDENTITY[sdk=iphoneos*]" = "iPhone Developer";
				COPY_PHASE_STRIP = NO;
				DEBUG_INFORMATION_FORMAT = dwarf;
				ENABLE_STRICT_OBJC_MSGSEND = YES;
				ENABLE_TESTABILITY = YES;
				GCC_C_LANGUAGE_STANDARD = gnu99;
				GCC_DYNAMIC_NO_PIC = NO;
				GCC_NO_COMMON_BLOCKS = YES;
				GCC_OPTIMIZATION_LEVEL = 0;
				GCC_PREPROCESSOR_DEFINITIONS = (
					"DEBUG=1",
					"$(inherited)",
				);
				GCC_WARN_64_TO_32_BIT_CONVERSION = YES;
				GCC_WARN_ABOUT_RETURN_TYPE = YES_ERROR;
				GCC_WARN_UNDECLARED_SELECTOR = YES;
				GCC_WARN_UNINITIALIZED_AUTOS = YES_AGGRESSIVE;
				GCC_WARN_UNUSED_FUNCTION = YES;
				GCC_WARN_UNUSED_VARIABLE = YES;
				IPHONEOS_DEPLOYMENT_TARGET = 9.2;
				MTL_ENABLE_DEBUG_INFO = YES;
				ONLY_ACTIVE_ARCH = YES;
				SDKROOT = iphoneos;
				SWIFT_OPTIMIZATION_LEVEL = "-Onone";
				TARGETED_DEVICE_FAMILY = "1,2";
			};
			name = Debug;
		};
		1B053A961C5B294E00DD9CDE /* Release */ = {
			isa = XCBuildConfiguration;
			buildSettings = {
				ALWAYS_SEARCH_USER_PATHS = NO;
				CLANG_CXX_LANGUAGE_STANDARD = "gnu++0x";
				CLANG_CXX_LIBRARY = "libc++";
				CLANG_ENABLE_MODULES = YES;
				CLANG_ENABLE_OBJC_ARC = YES;
				CLANG_WARN_BOOL_CONVERSION = YES;
				CLANG_WARN_CONSTANT_CONVERSION = YES;
				CLANG_WARN_DIRECT_OBJC_ISA_USAGE = YES_ERROR;
				CLANG_WARN_EMPTY_BODY = YES;
				CLANG_WARN_ENUM_CONVERSION = YES;
				CLANG_WARN_INT_CONVERSION = YES;
				CLANG_WARN_OBJC_ROOT_CLASS = YES_ERROR;
				CLANG_WARN_UNREACHABLE_CODE = YES;
				CLANG_WARN__DUPLICATE_METHOD_MATCH = YES;
				"CODE_SIGN_IDENTITY[sdk=iphoneos*]" = "iPhone Developer";
				COPY_PHASE_STRIP = NO;
				DEBUG_INFORMATION_FORMAT = "dwarf-with-dsym";
				ENABLE_NS_ASSERTIONS = NO;
				ENABLE_STRICT_OBJC_MSGSEND = YES;
				GCC_C_LANGUAGE_STANDARD = gnu99;
				GCC_NO_COMMON_BLOCKS = YES;
				GCC_WARN_64_TO_32_BIT_CONVERSION = YES;
				GCC_WARN_ABOUT_RETURN_TYPE = YES_ERROR;
				GCC_WARN_UNDECLARED_SELECTOR = YES;
				GCC_WARN_UNINITIALIZED_AUTOS = YES_AGGRESSIVE;
				GCC_WARN_UNUSED_FUNCTION = YES;
				GCC_WARN_UNUSED_VARIABLE = YES;
				IPHONEOS_DEPLOYMENT_TARGET = 9.2;
				MTL_ENABLE_DEBUG_INFO = NO;
				SDKROOT = iphoneos;
				TARGETED_DEVICE_FAMILY = "1,2";
				VALIDATE_PRODUCT = YES;
			};
			name = Release;
		};
		1B053A981C5B294E00DD9CDE /* Debug */ = {
			isa = XCBuildConfiguration;
			buildSettings = {
				ASSETCATALOG_COMPILER_APPICON_NAME = AppIcon;
				INFOPLIST_FILE = "swipes-and-shakes/Info.plist";
				LD_RUNPATH_SEARCH_PATHS = "$(inherited) @executable_path/Frameworks";
				PRODUCT_BUNDLE_IDENTIFIER = "com.toplevel.swipes-and-shakes";
				PRODUCT_NAME = "$(TARGET_NAME)";
			};
			name = Debug;
		};
		1B053A991C5B294E00DD9CDE /* Release */ = {
			isa = XCBuildConfiguration;
			buildSettings = {
				ASSETCATALOG_COMPILER_APPICON_NAME = AppIcon;
				INFOPLIST_FILE = "swipes-and-shakes/Info.plist";
				LD_RUNPATH_SEARCH_PATHS = "$(inherited) @executable_path/Frameworks";
				PRODUCT_BUNDLE_IDENTIFIER = "com.toplevel.swipes-and-shakes";
				PRODUCT_NAME = "$(TARGET_NAME)";
			};
			name = Release;
		};
/* End XCBuildConfiguration section */

/* Begin XCConfigurationList section */
		1B053A801C5B294E00DD9CDE /* Build configuration list for PBXProject "swipes-and-shakes" */ = {
			isa = XCConfigurationList;
			buildConfigurations = (
				1B053A951C5B294E00DD9CDE /* Debug */,
				1B053A961C5B294E00DD9CDE /* Release */,
			);
			defaultConfigurationIsVisible = 0;
			defaultConfigurationName = Release;
		};
		1B053A971C5B294E00DD9CDE /* Build configuration list for PBXNativeTarget "swipes-and-shakes" */ = {
			isa = XCConfigurationList;
			buildConfigurations = (
				1B053A981C5B294E00DD9CDE /* Debug */,
				1B053A991C5B294E00DD9CDE /* Release */,
			);
			defaultConfigurationIsVisible = 0;
			defaultConfigurationName = Release;
		};
/* End XCConfigurationList section */
	};
	rootObject = 1B053A7D1C5B294E00DD9CDE /* Project object */;
}
